
Microsoft Visual Studio Solution File, Format Version 12.00
# Visual Studio Version 17
VisualStudioVersion = 17.14.36908.2 d17.14
MinimumVisualStudioVersion = 10.0.40219.1
Project("{FAE04EC0-301F-11D3-BF4B-00C04F79EFBC}") = "Pujcovna", "Pujcovna\Pujcovna.csproj", "{9C7BA896-947D-4B7B-A5D6-C71B026F15C6}"
EndProject
Global
	GlobalSection(SolutionConfigurationPlatforms) = preSolution
		Debug|Any CPU = Debug|Any CPU
		Release|Any CPU = Release|Any CPU
	EndGlobalSection
	GlobalSection(ProjectConfigurationPlatforms) = postSolution
		{9C7BA896-947D-4B7B-A5D6-C71B026F15C6}.Debug|Any CPU.ActiveCfg = Debug|Any CPU
		{9C7BA896-947D-4B7B-A5D6-C71B026F15C6}.Debug|Any CPU.Build.0 = Debug|Any CPU
		{9C7BA896-947D-4B7B-A5D6-C71B026F15C6}.Release|Any CPU.ActiveCfg = Release|Any CPU
		{9C7BA896-947D-4B7B-A5D6-C71B026F15C6}.Release|Any CPU.Build.0 = Release|Any CPU
	EndGlobalSection
	GlobalSection(SolutionProperties) = preSolution
		HideSolutionNode = FALSE
	EndGlobalSection
	GlobalSection(ExtensibilityGlobals) = postSolution
		SolutionGuid = {59B0C794-2E2B-4A23-8822-641DA56B1E30}
	EndGlobalSection
EndGlobal
